
Microsoft Visual Studio Solution File, Format Version 11.00
# Visual Studio 2010
Project("{FAE04EC0-301F-11D3-BF4B-00C04F79EFBC}") = "Assembly-CSharp", "Assembly-CSharp.csproj", "{CC5188CB-A82C-4833-C291-CE8A6121D050}"
EndProject
Project("{FAE04EC0-301F-11D3-BF4B-00C04F79EFBC}") = "Assembly-CSharp-Editor", "Assembly-CSharp-Editor.csproj", "{2A44CBF2-295D-6941-1404-DD5C21C74E21}"
EndProject
Global
	GlobalSection(SolutionConfigurationPlatforms) = preSolution
		Debug|Any CPU = Debug|Any CPU
		Release|Any CPU = Release|Any CPU
	EndGlobalSection
	GlobalSection(ProjectConfigurationPlatforms) = postSolution
		{CC5188CB-A82C-4833-C291-CE8A6121D050}.Debug|Any CPU.ActiveCfg = Debug|Any CPU
		{CC5188CB-A82C-4833-C291-CE8A6121D050}.Debug|Any CPU.Build.0 = Debug|Any CPU
		{CC5188CB-A82C-4833-C291-CE8A6121D050}.Release|Any CPU.ActiveCfg = Release|Any CPU
		{CC5188CB-A82C-4833-C291-CE8A6121D050}.Release|Any CPU.Build.0 = Release|Any CPU
		{2A44CBF2-295D-6941-1404-DD5C21C74E21}.Debug|Any CPU.ActiveCfg = Debug|Any CPU
		{2A44CBF2-295D-6941-1404-DD5C21C74E21}.Debug|Any CPU.Build.0 = Debug|Any CPU
		{2A44CBF2-295D-6941-1404-DD5C21C74E21}.Release|Any CPU.ActiveCfg = Release|Any CPU
		{2A44CBF2-295D-6941-1404-DD5C21C74E21}.Release|Any CPU.Build.0 = Release|Any CPU
	EndGlobalSection
	GlobalSection(SolutionProperties) = preSolution
		HideSolutionNode = FALSE
	EndGlobalSection
	GlobalSection(MonoDevelopProperties) = preSolution
		StartupItem = Assembly-CSharp.csproj
	EndGlobalSection
EndGlobal
